
Microsoft Visual Studio Solution File, Format Version 12.00
# Visual Studio 15
Project("{FAE04EC0-301F-11D3-BF4B-00C04F79EFBC}") = "Otaku City", "Otaku City.csproj", "{B86C6517-8BE1-AE31-F7EF-61BE3288F483}"
EndProject
Project("{FAE04EC0-301F-11D3-BF4B-00C04F79EFBC}") = "Otaku City.Plugins", "Otaku City.Plugins.csproj", "{12521D61-6BAD-C0AF-B87C-D8A226D37B7B}"
EndProject
Project("{FAE04EC0-301F-11D3-BF4B-00C04F79EFBC}") = "Otaku City.Editor.Plugins", "Otaku City.Editor.Plugins.csproj", "{135CECC3-347D-2995-87A8-B8DD8858D9CE}"
EndProject
Global
	GlobalSection(SolutionConfigurationPlatforms) = preSolution
		Debug|Any CPU = Debug|Any CPU
		Release|Any CPU = Release|Any CPU
	EndGlobalSection
	GlobalSection(ProjectConfigurationPlatforms) = postSolution
		{B86C6517-8BE1-AE31-F7EF-61BE3288F483}.Debug|Any CPU.ActiveCfg = Debug|Any CPU
		{B86C6517-8BE1-AE31-F7EF-61BE3288F483}.Debug|Any CPU.Build.0 = Debug|Any CPU
		{B86C6517-8BE1-AE31-F7EF-61BE3288F483}.Release|Any CPU.ActiveCfg = Release|Any CPU
		{B86C6517-8BE1-AE31-F7EF-61BE3288F483}.Release|Any CPU.Build.0 = Release|Any CPU
		{12521D61-6BAD-C0AF-B87C-D8A226D37B7B}.Debug|Any CPU.ActiveCfg = Debug|Any CPU
		{12521D61-6BAD-C0AF-B87C-D8A226D37B7B}.Debug|Any CPU.Build.0 = Debug|Any CPU
		{12521D61-6BAD-C0AF-B87C-D8A226D37B7B}.Release|Any CPU.ActiveCfg = Release|Any CPU
		{12521D61-6BAD-C0AF-B87C-D8A226D37B7B}.Release|Any CPU.Build.0 = Release|Any CPU
		{135CECC3-347D-2995-87A8-B8DD8858D9CE}.Debug|Any CPU.ActiveCfg = Debug|Any CPU
		{135CECC3-347D-2995-87A8-B8DD8858D9CE}.Debug|Any CPU.Build.0 = Debug|Any CPU
		{135CECC3-347D-2995-87A8-B8DD8858D9CE}.Release|Any CPU.ActiveCfg = Release|Any CPU
		{135CECC3-347D-2995-87A8-B8DD8858D9CE}.Release|Any CPU.Build.0 = Release|Any CPU
	EndGlobalSection
	GlobalSection(SolutionProperties) = preSolution
		HideSolutionNode = FALSE
	EndGlobalSection
EndGlobal
